
Microsoft Visual Studio Solution File, Format Version 12.00
# Visual Studio 15
Project("{FAE04EC0-301F-11D3-BF4B-00C04F79EFBC}") = "Assembly-CSharp", "Assembly-CSharp.csproj", "{8569E2B2-FC91-0078-89B2-AAFAFE5FE3B2}"
EndProject
Project("{FAE04EC0-301F-11D3-BF4B-00C04F79EFBC}") = "Assembly-CSharp-Editor", "Assembly-CSharp-Editor.csproj", "{36DB6201-4BD0-3DCA-FB70-53A5C9C8E913}"
EndProject
Global
	GlobalSection(SolutionConfigurationPlatforms) = preSolution
		Debug|Any CPU = Debug|Any CPU
		Release|Any CPU = Release|Any CPU
	EndGlobalSection
	GlobalSection(ProjectConfigurationPlatforms) = postSolution
		{8569E2B2-FC91-0078-89B2-AAFAFE5FE3B2}.Debug|Any CPU.ActiveCfg = Debug|Any CPU
		{8569E2B2-FC91-0078-89B2-AAFAFE5FE3B2}.Debug|Any CPU.Build.0 = Debug|Any CPU
		{8569E2B2-FC91-0078-89B2-AAFAFE5FE3B2}.Release|Any CPU.ActiveCfg = Release|Any CPU
		{8569E2B2-FC91-0078-89B2-AAFAFE5FE3B2}.Release|Any CPU.Build.0 = Release|Any CPU
		{36DB6201-4BD0-3DCA-FB70-53A5C9C8E913}.Debug|Any CPU.ActiveCfg = Debug|Any CPU
		{36DB6201-4BD0-3DCA-FB70-53A5C9C8E913}.Debug|Any CPU.Build.0 = Debug|Any CPU
		{36DB6201-4BD0-3DCA-FB70-53A5C9C8E913}.Release|Any CPU.ActiveCfg = Release|Any CPU
		{36DB6201-4BD0-3DCA-FB70-53A5C9C8E913}.Release|Any CPU.Build.0 = Release|Any CPU
	EndGlobalSection
	GlobalSection(SolutionProperties) = preSolution
		HideSolutionNode = FALSE
	EndGlobalSection
EndGlobal
